// !$*UTF8*$!
{
	archiveVersion = 1;
	classes = {
	};
	objectVersion = 50;
	objects = {

/* Begin PBXBuildFile section */
		0772E6451E4B5AEB6E3987B5 /* Pods_issho_ios.framework in Frameworks */ = {isa = PBXBuildFile; fileRef = 388B60CAC864CE74864E3C07 /* Pods_issho_ios.framework */; };
		48CA94432390B0190026FFEF /* AppDelegate.swift in Sources */ = {isa = PBXBuildFile; fileRef = 48CA94422390B0190026FFEF /* AppDelegate.swift */; };
		48CA94452390B0190026FFEF /* ViewController.swift in Sources */ = {isa = PBXBuildFile; fileRef = 48CA94442390B0190026FFEF /* ViewController.swift */; };
		48CA94482390B0190026FFEF /* Main.storyboard in Resources */ = {isa = PBXBuildFile; fileRef = 48CA94462390B0190026FFEF /* Main.storyboard */; };
		48CA944B2390B0190026FFEF /* issho_ios.xcdatamodeld in Sources */ = {isa = PBXBuildFile; fileRef = 48CA94492390B0190026FFEF /* issho_ios.xcdatamodeld */; };
		48CA944D2390B01C0026FFEF /* Assets.xcassets in Resources */ = {isa = PBXBuildFile; fileRef = 48CA944C2390B01C0026FFEF /* Assets.xcassets */; };
		48CA94502390B01C0026FFEF /* LaunchScreen.storyboard in Resources */ = {isa = PBXBuildFile; fileRef = 48CA944E2390B01C0026FFEF /* LaunchScreen.storyboard */; };
		48CA945B2390B01C0026FFEF /* issho_iosTests.swift in Sources */ = {isa = PBXBuildFile; fileRef = 48CA945A2390B01C0026FFEF /* issho_iosTests.swift */; };
		48CA94662390B01C0026FFEF /* issho_iosUITests.swift in Sources */ = {isa = PBXBuildFile; fileRef = 48CA94652390B01C0026FFEF /* issho_iosUITests.swift */; };
		48CA94742390B0370026FFEF /* APIController.swift in Sources */ = {isa = PBXBuildFile; fileRef = 48CA94732390B0370026FFEF /* APIController.swift */; };
		48CA94762390B3540026FFEF /* Message.swift in Sources */ = {isa = PBXBuildFile; fileRef = 48CA94752390B3540026FFEF /* Message.swift */; };
		48E06FC42391AA7E00BBC79A /* Article.swift in Sources */ = {isa = PBXBuildFile; fileRef = 48E06FC32391AA7E00BBC79A /* Article.swift */; };
		48E06FC72391AEF600BBC79A /* SignInViewController.swift in Sources */ = {isa = PBXBuildFile; fileRef = 48E06FC62391AEF600BBC79A /* SignInViewController.swift */; };
		48E06FC92391AF0800BBC79A /* SignUpViewController.swift in Sources */ = {isa = PBXBuildFile; fileRef = 48E06FC82391AF0800BBC79A /* SignUpViewController.swift */; };
		48E06FCC2391AF2200BBC79A /* HomeViewController.swift in Sources */ = {isa = PBXBuildFile; fileRef = 48E06FCB2391AF2200BBC79A /* HomeViewController.swift */; };
		48E06FD22391AFC100BBC79A /* LandingViewController.swift in Sources */ = {isa = PBXBuildFile; fileRef = 48E06FD12391AFC100BBC79A /* LandingViewController.swift */; };
		48E06FD42391AFD100BBC79A /* ForgotPasswordViewController.swift in Sources */ = {isa = PBXBuildFile; fileRef = 48E06FD32391AFD100BBC79A /* ForgotPasswordViewController.swift */; };
		48E06FD62392112E00BBC79A /* ArticleCell.swift in Sources */ = {isa = PBXBuildFile; fileRef = 48E06FD52392112E00BBC79A /* ArticleCell.swift */; };
		A46B74E087474268E7198E2E /* Pods_issho_iosUITests.framework in Frameworks */ = {isa = PBXBuildFile; fileRef = 57ECAACB3050BA05790B845E /* Pods_issho_iosUITests.framework */; };
		F0B51A771723F492E97D48E8 /* Pods_issho_iosTests.framework in Frameworks */ = {isa = PBXBuildFile; fileRef = 174B43831B61DDAF84133E5C /* Pods_issho_iosTests.framework */; };
/* End PBXBuildFile section */

/* Begin PBXContainerItemProxy section */
		48CA94572390B01C0026FFEF /* PBXContainerItemProxy */ = {
			isa = PBXContainerItemProxy;
			containerPortal = 48CA94372390B0190026FFEF /* Project object */;
			proxyType = 1;
			remoteGlobalIDString = 48CA943E2390B0190026FFEF;
			remoteInfo = "issho-ios";
		};
		48CA94622390B01C0026FFEF /* PBXContainerItemProxy */ = {
			isa = PBXContainerItemProxy;
			containerPortal = 48CA94372390B0190026FFEF /* Project object */;
			proxyType = 1;
			remoteGlobalIDString = 48CA943E2390B0190026FFEF;
			remoteInfo = "issho-ios";
		};
/* End PBXContainerItemProxy section */

/* Begin PBXFileReference section */
		08DFAC1E0B0EE05FD4E39644 /* Pods-issho-ios.release.xcconfig */ = {isa = PBXFileReference; includeInIndex = 1; lastKnownFileType = text.xcconfig; name = "Pods-issho-ios.release.xcconfig"; path = "Target Support Files/Pods-issho-ios/Pods-issho-ios.release.xcconfig"; sourceTree = "<group>"; };
		10577E16827F0CAAE51025AE /* Pods-issho-iosTests.debug.xcconfig */ = {isa = PBXFileReference; includeInIndex = 1; lastKnownFileType = text.xcconfig; name = "Pods-issho-iosTests.debug.xcconfig"; path = "Target Support Files/Pods-issho-iosTests/Pods-issho-iosTests.debug.xcconfig"; sourceTree = "<group>"; };
		174B43831B61DDAF84133E5C /* Pods_issho_iosTests.framework */ = {isa = PBXFileReference; explicitFileType = wrapper.framework; includeInIndex = 0; path = Pods_issho_iosTests.framework; sourceTree = BUILT_PRODUCTS_DIR; };
		388B60CAC864CE74864E3C07 /* Pods_issho_ios.framework */ = {isa = PBXFileReference; explicitFileType = wrapper.framework; includeInIndex = 0; path = Pods_issho_ios.framework; sourceTree = BUILT_PRODUCTS_DIR; };
		40A92D50CB591210F46FC590 /* Pods-issho-iosTests.release.xcconfig */ = {isa = PBXFileReference; includeInIndex = 1; lastKnownFileType = text.xcconfig; name = "Pods-issho-iosTests.release.xcconfig"; path = "Target Support Files/Pods-issho-iosTests/Pods-issho-iosTests.release.xcconfig"; sourceTree = "<group>"; };
		48CA943F2390B0190026FFEF /* issho-ios.app */ = {isa = PBXFileReference; explicitFileType = wrapper.application; includeInIndex = 0; path = "issho-ios.app"; sourceTree = BUILT_PRODUCTS_DIR; };
		48CA94422390B0190026FFEF /* AppDelegate.swift */ = {isa = PBXFileReference; lastKnownFileType = sourcecode.swift; path = AppDelegate.swift; sourceTree = "<group>"; };
		48CA94442390B0190026FFEF /* ViewController.swift */ = {isa = PBXFileReference; lastKnownFileType = sourcecode.swift; path = ViewController.swift; sourceTree = "<group>"; };
		48CA94472390B0190026FFEF /* Base */ = {isa = PBXFileReference; lastKnownFileType = file.storyboard; name = Base; path = Base.lproj/Main.storyboard; sourceTree = "<group>"; };
		48CA944A2390B0190026FFEF /* issho_ios.xcdatamodel */ = {isa = PBXFileReference; lastKnownFileType = wrapper.xcdatamodel; path = issho_ios.xcdatamodel; sourceTree = "<group>"; };
		48CA944C2390B01C0026FFEF /* Assets.xcassets */ = {isa = PBXFileReference; lastKnownFileType = folder.assetcatalog; path = Assets.xcassets; sourceTree = "<group>"; };
		48CA944F2390B01C0026FFEF /* Base */ = {isa = PBXFileReference; lastKnownFileType = file.storyboard; name = Base; path = Base.lproj/LaunchScreen.storyboard; sourceTree = "<group>"; };
		48CA94512390B01C0026FFEF /* Info.plist */ = {isa = PBXFileReference; lastKnownFileType = text.plist.xml; path = Info.plist; sourceTree = "<group>"; };
		48CA94562390B01C0026FFEF /* issho-iosTests.xctest */ = {isa = PBXFileReference; explicitFileType = wrapper.cfbundle; includeInIndex = 0; path = "issho-iosTests.xctest"; sourceTree = BUILT_PRODUCTS_DIR; };
		48CA945A2390B01C0026FFEF /* issho_iosTests.swift */ = {isa = PBXFileReference; lastKnownFileType = sourcecode.swift; path = issho_iosTests.swift; sourceTree = "<group>"; };
		48CA945C2390B01C0026FFEF /* Info.plist */ = {isa = PBXFileReference; lastKnownFileType = text.plist.xml; path = Info.plist; sourceTree = "<group>"; };
		48CA94612390B01C0026FFEF /* issho-iosUITests.xctest */ = {isa = PBXFileReference; explicitFileType = wrapper.cfbundle; includeInIndex = 0; path = "issho-iosUITests.xctest"; sourceTree = BUILT_PRODUCTS_DIR; };
		48CA94652390B01C0026FFEF /* issho_iosUITests.swift */ = {isa = PBXFileReference; lastKnownFileType = sourcecode.swift; path = issho_iosUITests.swift; sourceTree = "<group>"; };
		48CA94672390B01C0026FFEF /* Info.plist */ = {isa = PBXFileReference; lastKnownFileType = text.plist.xml; path = Info.plist; sourceTree = "<group>"; };
		48CA94732390B0370026FFEF /* APIController.swift */ = {isa = PBXFileReference; lastKnownFileType = sourcecode.swift; path = APIController.swift; sourceTree = "<group>"; };
		48CA94752390B3540026FFEF /* Message.swift */ = {isa = PBXFileReference; lastKnownFileType = sourcecode.swift; path = Message.swift; sourceTree = "<group>"; };
		48E06FC32391AA7E00BBC79A /* Article.swift */ = {isa = PBXFileReference; lastKnownFileType = sourcecode.swift; path = Article.swift; sourceTree = "<group>"; };
		48E06FC62391AEF600BBC79A /* SignInViewController.swift */ = {isa = PBXFileReference; lastKnownFileType = sourcecode.swift; path = SignInViewController.swift; sourceTree = "<group>"; };
		48E06FC82391AF0800BBC79A /* SignUpViewController.swift */ = {isa = PBXFileReference; lastKnownFileType = sourcecode.swift; path = SignUpViewController.swift; sourceTree = "<group>"; };
		48E06FCB2391AF2200BBC79A /* HomeViewController.swift */ = {isa = PBXFileReference; lastKnownFileType = sourcecode.swift; path = HomeViewController.swift; sourceTree = "<group>"; };
		48E06FD12391AFC100BBC79A /* LandingViewController.swift */ = {isa = PBXFileReference; lastKnownFileType = sourcecode.swift; path = LandingViewController.swift; sourceTree = "<group>"; };
		48E06FD32391AFD100BBC79A /* ForgotPasswordViewController.swift */ = {isa = PBXFileReference; lastKnownFileType = sourcecode.swift; path = ForgotPasswordViewController.swift; sourceTree = "<group>"; };
		48E06FD52392112E00BBC79A /* ArticleCell.swift */ = {isa = PBXFileReference; lastKnownFileType = sourcecode.swift; path = ArticleCell.swift; sourceTree = "<group>"; };
		57ECAACB3050BA05790B845E /* Pods_issho_iosUITests.framework */ = {isa = PBXFileReference; explicitFileType = wrapper.framework; includeInIndex = 0; path = Pods_issho_iosUITests.framework; sourceTree = BUILT_PRODUCTS_DIR; };
		76882ACF21DBF143F1CEEE8B /* Pods-issho-ios.debug.xcconfig */ = {isa = PBXFileReference; includeInIndex = 1; lastKnownFileType = text.xcconfig; name = "Pods-issho-ios.debug.xcconfig"; path = "Target Support Files/Pods-issho-ios/Pods-issho-ios.debug.xcconfig"; sourceTree = "<group>"; };
		C62F2631E8322AC8387E0602 /* Pods-issho-iosUITests.release.xcconfig */ = {isa = PBXFileReference; includeInIndex = 1; lastKnownFileType = text.xcconfig; name = "Pods-issho-iosUITests.release.xcconfig"; path = "Target Support Files/Pods-issho-iosUITests/Pods-issho-iosUITests.release.xcconfig"; sourceTree = "<group>"; };
		CE95FA8AAF7921EA840716B1 /* Pods-issho-iosUITests.debug.xcconfig */ = {isa = PBXFileReference; includeInIndex = 1; lastKnownFileType = text.xcconfig; name = "Pods-issho-iosUITests.debug.xcconfig"; path = "Target Support Files/Pods-issho-iosUITests/Pods-issho-iosUITests.debug.xcconfig"; sourceTree = "<group>"; };
/* End PBXFileReference section */

/* Begin PBXFrameworksBuildPhase section */
		48CA943C2390B0190026FFEF /* Frameworks */ = {
			isa = PBXFrameworksBuildPhase;
			buildActionMask = 2147483647;
			files = (
				0772E6451E4B5AEB6E3987B5 /* Pods_issho_ios.framework in Frameworks */,
			);
			runOnlyForDeploymentPostprocessing = 0;
		};
		48CA94532390B01C0026FFEF /* Frameworks */ = {
			isa = PBXFrameworksBuildPhase;
			buildActionMask = 2147483647;
			files = (
				F0B51A771723F492E97D48E8 /* Pods_issho_iosTests.framework in Frameworks */,
			);
			runOnlyForDeploymentPostprocessing = 0;
		};
		48CA945E2390B01C0026FFEF /* Frameworks */ = {
			isa = PBXFrameworksBuildPhase;
			buildActionMask = 2147483647;
			files = (
				A46B74E087474268E7198E2E /* Pods_issho_iosUITests.framework in Frameworks */,
			);
			runOnlyForDeploymentPostprocessing = 0;
		};
/* End PBXFrameworksBuildPhase section */

/* Begin PBXGroup section */
		48CA94362390B0190026FFEF = {
			isa = PBXGroup;
			children = (
				48CA94412390B0190026FFEF /* issho-ios */,
				48CA94592390B01C0026FFEF /* issho-iosTests */,
				48CA94642390B01C0026FFEF /* issho-iosUITests */,
				48CA94402390B0190026FFEF /* Products */,
				DD44EB3417DEFACD658F7A9A /* Pods */,
				A1A01595FF586D17FE5EAFC1 /* Frameworks */,
			);
			sourceTree = "<group>";
		};
		48CA94402390B0190026FFEF /* Products */ = {
			isa = PBXGroup;
			children = (
				48CA943F2390B0190026FFEF /* issho-ios.app */,
				48CA94562390B01C0026FFEF /* issho-iosTests.xctest */,
				48CA94612390B01C0026FFEF /* issho-iosUITests.xctest */,
			);
			name = Products;
			sourceTree = "<group>";
		};
		48CA94412390B0190026FFEF /* issho-ios */ = {
			isa = PBXGroup;
			children = (
				48CA94512390B01C0026FFEF /* Info.plist */,
				48CA944E2390B01C0026FFEF /* LaunchScreen.storyboard */,
				48CA94462390B0190026FFEF /* Main.storyboard */,
				48E06FCE2391AF4300BBC79A /* application */,
				48E06FC52391AED300BBC79A /* landing */,
				48E06FCA2391AF1400BBC79A /* home */,
				48E06FD02391AF8F00BBC79A /* cells */,
				48E06FCD2391AF3000BBC79A /* models */,
				48E06FCF2391AF5200BBC79A /* assets */,
			);
			path = "issho-ios";
			sourceTree = "<group>";
		};
		48CA94592390B01C0026FFEF /* issho-iosTests */ = {
			isa = PBXGroup;
			children = (
				48CA945A2390B01C0026FFEF /* issho_iosTests.swift */,
				48CA945C2390B01C0026FFEF /* Info.plist */,
			);
			path = "issho-iosTests";
			sourceTree = "<group>";
		};
		48CA94642390B01C0026FFEF /* issho-iosUITests */ = {
			isa = PBXGroup;
			children = (
				48CA94652390B01C0026FFEF /* issho_iosUITests.swift */,
				48CA94672390B01C0026FFEF /* Info.plist */,
			);
			path = "issho-iosUITests";
			sourceTree = "<group>";
		};
		48E06FC52391AED300BBC79A /* landing */ = {
			isa = PBXGroup;
			children = (
				48CA94442390B0190026FFEF /* ViewController.swift */,
				48E06FC82391AF0800BBC79A /* SignUpViewController.swift */,
				48E06FC62391AEF600BBC79A /* SignInViewController.swift */,
				48E06FD12391AFC100BBC79A /* LandingViewController.swift */,
				48E06FD32391AFD100BBC79A /* ForgotPasswordViewController.swift */,
			);
			path = landing;
			sourceTree = "<group>";
		};
		48E06FCA2391AF1400BBC79A /* home */ = {
			isa = PBXGroup;
			children = (
				48E06FCB2391AF2200BBC79A /* HomeViewController.swift */,
			);
			path = home;
			sourceTree = "<group>";
		};
		48E06FCD2391AF3000BBC79A /* models */ = {
			isa = PBXGroup;
			children = (
				48E06FC32391AA7E00BBC79A /* Article.swift */,
				48CA94752390B3540026FFEF /* Message.swift */,
			);
			path = models;
			sourceTree = "<group>";
		};
		48E06FCE2391AF4300BBC79A /* application */ = {
			isa = PBXGroup;
			children = (
				48CA94422390B0190026FFEF /* AppDelegate.swift */,
				48CA94732390B0370026FFEF /* APIController.swift */,
			);
			path = application;
			sourceTree = "<group>";
		};
		48E06FCF2391AF5200BBC79A /* assets */ = {
			isa = PBXGroup;
			children = (
				48CA94492390B0190026FFEF /* issho_ios.xcdatamodeld */,
				48CA944C2390B01C0026FFEF /* Assets.xcassets */,
			);
			path = assets;
			sourceTree = "<group>";
		};
		48E06FD02391AF8F00BBC79A /* cells */ = {
			isa = PBXGroup;
			children = (
				48E06FD52392112E00BBC79A /* ArticleCell.swift */,
			);
			path = cells;
			sourceTree = "<group>";
		};
		A1A01595FF586D17FE5EAFC1 /* Frameworks */ = {
			isa = PBXGroup;
			children = (
				388B60CAC864CE74864E3C07 /* Pods_issho_ios.framework */,
				174B43831B61DDAF84133E5C /* Pods_issho_iosTests.framework */,
				57ECAACB3050BA05790B845E /* Pods_issho_iosUITests.framework */,
			);
			name = Frameworks;
			sourceTree = "<group>";
		};
		DD44EB3417DEFACD658F7A9A /* Pods */ = {
			isa = PBXGroup;
			children = (
				76882ACF21DBF143F1CEEE8B /* Pods-issho-ios.debug.xcconfig */,
				08DFAC1E0B0EE05FD4E39644 /* Pods-issho-ios.release.xcconfig */,
				10577E16827F0CAAE51025AE /* Pods-issho-iosTests.debug.xcconfig */,
				40A92D50CB591210F46FC590 /* Pods-issho-iosTests.release.xcconfig */,
				CE95FA8AAF7921EA840716B1 /* Pods-issho-iosUITests.debug.xcconfig */,
				C62F2631E8322AC8387E0602 /* Pods-issho-iosUITests.release.xcconfig */,
			);
			path = Pods;
			sourceTree = "<group>";
		};
/* End PBXGroup section */

/* Begin PBXNativeTarget section */
		48CA943E2390B0190026FFEF /* issho-ios */ = {
			isa = PBXNativeTarget;
			buildConfigurationList = 48CA946A2390B01C0026FFEF /* Build configuration list for PBXNativeTarget "issho-ios" */;
			buildPhases = (
				EDB69E89B234C490F9C68ADD /* [CP] Check Pods Manifest.lock */,
				48CA943B2390B0190026FFEF /* Sources */,
				48CA943C2390B0190026FFEF /* Frameworks */,
				48CA943D2390B0190026FFEF /* Resources */,
				A971B60AB3CDD2B15223CA19 /* [CP] Embed Pods Frameworks */,
			);
			buildRules = (
			);
			dependencies = (
			);
			name = "issho-ios";
			productName = "issho-ios";
			productReference = 48CA943F2390B0190026FFEF /* issho-ios.app */;
			productType = "com.apple.product-type.application";
		};
		48CA94552390B01C0026FFEF /* issho-iosTests */ = {
			isa = PBXNativeTarget;
			buildConfigurationList = 48CA946D2390B01C0026FFEF /* Build configuration list for PBXNativeTarget "issho-iosTests" */;
			buildPhases = (
				C5B3BB35EA89A7C3EEEF9810 /* [CP] Check Pods Manifest.lock */,
				48CA94522390B01C0026FFEF /* Sources */,
				48CA94532390B01C0026FFEF /* Frameworks */,
				48CA94542390B01C0026FFEF /* Resources */,
			);
			buildRules = (
			);
			dependencies = (
				48CA94582390B01C0026FFEF /* PBXTargetDependency */,
			);
			name = "issho-iosTests";
			productName = "issho-iosTests";
			productReference = 48CA94562390B01C0026FFEF /* issho-iosTests.xctest */;
			productType = "com.apple.product-type.bundle.unit-test";
		};
		48CA94602390B01C0026FFEF /* issho-iosUITests */ = {
			isa = PBXNativeTarget;
			buildConfigurationList = 48CA94702390B01C0026FFEF /* Build configuration list for PBXNativeTarget "issho-iosUITests" */;
			buildPhases = (
				1CF8214E08F4BCA42DE6F3AA /* [CP] Check Pods Manifest.lock */,
				48CA945D2390B01C0026FFEF /* Sources */,
				48CA945E2390B01C0026FFEF /* Frameworks */,
				48CA945F2390B01C0026FFEF /* Resources */,
			);
			buildRules = (
			);
			dependencies = (
				48CA94632390B01C0026FFEF /* PBXTargetDependency */,
			);
			name = "issho-iosUITests";
			productName = "issho-iosUITests";
			productReference = 48CA94612390B01C0026FFEF /* issho-iosUITests.xctest */;
			productType = "com.apple.product-type.bundle.ui-testing";
		};
/* End PBXNativeTarget section */

/* Begin PBXProject section */
		48CA94372390B0190026FFEF /* Project object */ = {
			isa = PBXProject;
			attributes = {
				LastSwiftUpdateCheck = 1010;
				LastUpgradeCheck = 1010;
				ORGANIZATIONNAME = isom.tech;
				TargetAttributes = {
					48CA943E2390B0190026FFEF = {
						CreatedOnToolsVersion = 10.1;
					};
					48CA94552390B01C0026FFEF = {
						CreatedOnToolsVersion = 10.1;
						TestTargetID = 48CA943E2390B0190026FFEF;
					};
					48CA94602390B01C0026FFEF = {
						CreatedOnToolsVersion = 10.1;
						TestTargetID = 48CA943E2390B0190026FFEF;
					};
				};
			};
			buildConfigurationList = 48CA943A2390B0190026FFEF /* Build configuration list for PBXProject "issho-ios" */;
			compatibilityVersion = "Xcode 9.3";
			developmentRegion = en;
			hasScannedForEncodings = 0;
			knownRegions = (
				en,
				Base,
			);
			mainGroup = 48CA94362390B0190026FFEF;
			productRefGroup = 48CA94402390B0190026FFEF /* Products */;
			projectDirPath = "";
			projectRoot = "";
			targets = (
				48CA943E2390B0190026FFEF /* issho-ios */,
				48CA94552390B01C0026FFEF /* issho-iosTests */,
				48CA94602390B01C0026FFEF /* issho-iosUITests */,
			);
		};
/* End PBXProject section */

/* Begin PBXResourcesBuildPhase section */
		48CA943D2390B0190026FFEF /* Resources */ = {
			isa = PBXResourcesBuildPhase;
			buildActionMask = 2147483647;
			files = (
				48CA94502390B01C0026FFEF /* LaunchScreen.storyboard in Resources */,
				48CA944D2390B01C0026FFEF /* Assets.xcassets in Resources */,
				48CA94482390B0190026FFEF /* Main.storyboard in Resources */,
			);
			runOnlyForDeploymentPostprocessing = 0;
		};
		48CA94542390B01C0026FFEF /* Resources */ = {
			isa = PBXResourcesBuildPhase;
			buildActionMask = 2147483647;
			files = (
			);
			runOnlyForDeploymentPostprocessing = 0;
		};
		48CA945F2390B01C0026FFEF /* Resources */ = {
			isa = PBXResourcesBuildPhase;
			buildActionMask = 2147483647;
			files = (
			);
			runOnlyForDeploymentPostprocessing = 0;
		};
/* End PBXResourcesBuildPhase section */

/* Begin PBXShellScriptBuildPhase section */
		1CF8214E08F4BCA42DE6F3AA /* [CP] Check Pods Manifest.lock */ = {
			isa = PBXShellScriptBuildPhase;
			buildActionMask = 2147483647;
			files = (
			);
			inputFileListPaths = (
			);
			inputPaths = (
				"${PODS_PODFILE_DIR_PATH}/Podfile.lock",
				"${PODS_ROOT}/Manifest.lock",
			);
			name = "[CP] Check Pods Manifest.lock";
			outputFileListPaths = (
			);
			outputPaths = (
				"$(DERIVED_FILE_DIR)/Pods-issho-iosUITests-checkManifestLockResult.txt",
			);
			runOnlyForDeploymentPostprocessing = 0;
			shellPath = /bin/sh;
			shellScript = "diff \"${PODS_PODFILE_DIR_PATH}/Podfile.lock\" \"${PODS_ROOT}/Manifest.lock\" > /dev/null\nif [ $? != 0 ] ; then\n    # print error to STDERR\n    echo \"error: The sandbox is not in sync with the Podfile.lock. Run 'pod install' or update your CocoaPods installation.\" >&2\n    exit 1\nfi\n# This output is used by Xcode 'outputs' to avoid re-running this script phase.\necho \"SUCCESS\" > \"${SCRIPT_OUTPUT_FILE_0}\"\n";
			showEnvVarsInLog = 0;
		};
		A971B60AB3CDD2B15223CA19 /* [CP] Embed Pods Frameworks */ = {
			isa = PBXShellScriptBuildPhase;
			buildActionMask = 2147483647;
			files = (
			);
			inputFileListPaths = (
			);
			inputPaths = (
				"${PODS_ROOT}/Target Support Files/Pods-issho-ios/Pods-issho-ios-frameworks.sh",
				"${BUILT_PRODUCTS_DIR}/Alamofire/Alamofire.framework",
				"${BUILT_PRODUCTS_DIR}/Alamofire-SwiftyJSON/Alamofire_SwiftyJSON.framework",
				"${BUILT_PRODUCTS_DIR}/Kingfisher/Kingfisher.framework",
				"${BUILT_PRODUCTS_DIR}/SwiftyJSON/SwiftyJSON.framework",
			);
			name = "[CP] Embed Pods Frameworks";
			outputFileListPaths = (
			);
			outputPaths = (
				"${TARGET_BUILD_DIR}/${FRAMEWORKS_FOLDER_PATH}/Alamofire.framework",
				"${TARGET_BUILD_DIR}/${FRAMEWORKS_FOLDER_PATH}/Alamofire_SwiftyJSON.framework",
				"${TARGET_BUILD_DIR}/${FRAMEWORKS_FOLDER_PATH}/Kingfisher.framework",
				"${TARGET_BUILD_DIR}/${FRAMEWORKS_FOLDER_PATH}/SwiftyJSON.framework",
			);
			runOnlyForDeploymentPostprocessing = 0;
			shellPath = /bin/sh;
			shellScript = "\"${PODS_ROOT}/Target Support Files/Pods-issho-ios/Pods-issho-ios-frameworks.sh\"\n";
			showEnvVarsInLog = 0;
		};
		C5B3BB35EA89A7C3EEEF9810 /* [CP] Check Pods Manifest.lock */ = {
			isa = PBXShellScriptBuildPhase;
			buildActionMask = 2147483647;
			files = (
			);
			inputFileListPaths = (
			);
			inputPaths = (
				"${PODS_PODFILE_DIR_PATH}/Podfile.lock",
				"${PODS_ROOT}/Manifest.lock",
			);
			name = "[CP] Check Pods Manifest.lock";
			outputFileListPaths = (
			);
			outputPaths = (
				"$(DERIVED_FILE_DIR)/Pods-issho-iosTests-checkManifestLockResult.txt",
			);
			runOnlyForDeploymentPostprocessing = 0;
			shellPath = /bin/sh;
			shellScript = "diff \"${PODS_PODFILE_DIR_PATH}/Podfile.lock\" \"${PODS_ROOT}/Manifest.lock\" > /dev/null\nif [ $? != 0 ] ; then\n    # print error to STDERR\n    echo \"error: The sandbox is not in sync with the Podfile.lock. Run 'pod install' or update your CocoaPods installation.\" >&2\n    exit 1\nfi\n# This output is used by Xcode 'outputs' to avoid re-running this script phase.\necho \"SUCCESS\" > \"${SCRIPT_OUTPUT_FILE_0}\"\n";
			showEnvVarsInLog = 0;
		};
		EDB69E89B234C490F9C68ADD /* [CP] Check Pods Manifest.lock */ = {
			isa = PBXShellScriptBuildPhase;
			buildActionMask = 2147483647;
			files = (
			);
			inputFileListPaths = (
			);
			inputPaths = (
				"${PODS_PODFILE_DIR_PATH}/Podfile.lock",
				"${PODS_ROOT}/Manifest.lock",
			);
			name = "[CP] Check Pods Manifest.lock";
			outputFileListPaths = (
			);
			outputPaths = (
				"$(DERIVED_FILE_DIR)/Pods-issho-ios-checkManifestLockResult.txt",
			);
			runOnlyForDeploymentPostprocessing = 0;
			shellPath = /bin/sh;
			shellScript = "diff \"${PODS_PODFILE_DIR_PATH}/Podfile.lock\" \"${PODS_ROOT}/Manifest.lock\" > /dev/null\nif [ $? != 0 ] ; then\n    # print error to STDERR\n    echo \"error: The sandbox is not in sync with the Podfile.lock. Run 'pod install' or update your CocoaPods installation.\" >&2\n    exit 1\nfi\n# This output is used by Xcode 'outputs' to avoid re-running this script phase.\necho \"SUCCESS\" > \"${SCRIPT_OUTPUT_FILE_0}\"\n";
			showEnvVarsInLog = 0;
		};
/* End PBXShellScriptBuildPhase section */

/* Begin PBXSourcesBuildPhase section */
		48CA943B2390B0190026FFEF /* Sources */ = {
			isa = PBXSourcesBuildPhase;
			buildActionMask = 2147483647;
			files = (
				48E06FC72391AEF600BBC79A /* SignInViewController.swift in Sources */,
				48CA94742390B0370026FFEF /* APIController.swift in Sources */,
				48E06FD42391AFD100BBC79A /* ForgotPasswordViewController.swift in Sources */,
				48E06FC92391AF0800BBC79A /* SignUpViewController.swift in Sources */,
				48CA94452390B0190026FFEF /* ViewController.swift in Sources */,
				48E06FC42391AA7E00BBC79A /* Article.swift in Sources */,
				48E06FCC2391AF2200BBC79A /* HomeViewController.swift in Sources */,
				48CA94762390B3540026FFEF /* Message.swift in Sources */,
				48E06FD62392112E00BBC79A /* ArticleCell.swift in Sources */,
				48CA944B2390B0190026FFEF /* issho_ios.xcdatamodeld in Sources */,
				48E06FD22391AFC100BBC79A /* LandingViewController.swift in Sources */,
				48CA94432390B0190026FFEF /* AppDelegate.swift in Sources */,
			);
			runOnlyForDeploymentPostprocessing = 0;
		};
		48CA94522390B01C0026FFEF /* Sources */ = {
			isa = PBXSourcesBuildPhase;
			buildActionMask = 2147483647;
			files = (
				48CA945B2390B01C0026FFEF /* issho_iosTests.swift in Sources */,
			);
			runOnlyForDeploymentPostprocessing = 0;
		};
		48CA945D2390B01C0026FFEF /* Sources */ = {
			isa = PBXSourcesBuildPhase;
			buildActionMask = 2147483647;
			files = (
				48CA94662390B01C0026FFEF /* issho_iosUITests.swift in Sources */,
			);
			runOnlyForDeploymentPostprocessing = 0;
		};
/* End PBXSourcesBuildPhase section */

/* Begin PBXTargetDependency section */
		48CA94582390B01C0026FFEF /* PBXTargetDependency */ = {
			isa = PBXTargetDependency;
			target = 48CA943E2390B0190026FFEF /* issho-ios */;
			targetProxy = 48CA94572390B01C0026FFEF /* PBXContainerItemProxy */;
		};
		48CA94632390B01C0026FFEF /* PBXTargetDependency */ = {
			isa = PBXTargetDependency;
			target = 48CA943E2390B0190026FFEF /* issho-ios */;
			targetProxy = 48CA94622390B01C0026FFEF /* PBXContainerItemProxy */;
		};
/* End PBXTargetDependency section */

/* Begin PBXVariantGroup section */
		48CA94462390B0190026FFEF /* Main.storyboard */ = {
			isa = PBXVariantGroup;
			children = (
				48CA94472390B0190026FFEF /* Base */,
			);
			name = Main.storyboard;
			sourceTree = "<group>";
		};
		48CA944E2390B01C0026FFEF /* LaunchScreen.storyboard */ = {
			isa = PBXVariantGroup;
			children = (
				48CA944F2390B01C0026FFEF /* Base */,
			);
			name = LaunchScreen.storyboard;
			sourceTree = "<group>";
		};
/* End PBXVariantGroup section */

/* Begin XCBuildConfiguration section */
		48CA94682390B01C0026FFEF /* Debug */ = {
			isa = XCBuildConfiguration;
			buildSettings = {
				ALWAYS_SEARCH_USER_PATHS = NO;
				CLANG_ANALYZER_NONNULL = YES;
				CLANG_ANALYZER_NUMBER_OBJECT_CONVERSION = YES_AGGRESSIVE;
				CLANG_CXX_LANGUAGE_STANDARD = "gnu++14";
				CLANG_CXX_LIBRARY = "libc++";
				CLANG_ENABLE_MODULES = YES;
				CLANG_ENABLE_OBJC_ARC = YES;
				CLANG_ENABLE_OBJC_WEAK = YES;
				CLANG_WARN_BLOCK_CAPTURE_AUTORELEASING = YES;
				CLANG_WARN_BOOL_CONVERSION = YES;
				CLANG_WARN_COMMA = YES;
				CLANG_WARN_CONSTANT_CONVERSION = YES;
				CLANG_WARN_DEPRECATED_OBJC_IMPLEMENTATIONS = YES;
				CLANG_WARN_DIRECT_OBJC_ISA_USAGE = YES_ERROR;
				CLANG_WARN_DOCUMENTATION_COMMENTS = YES;
				CLANG_WARN_EMPTY_BODY = YES;
				CLANG_WARN_ENUM_CONVERSION = YES;
				CLANG_WARN_INFINITE_RECURSION = YES;
				CLANG_WARN_INT_CONVERSION = YES;
				CLANG_WARN_NON_LITERAL_NULL_CONVERSION = YES;
				CLANG_WARN_OBJC_IMPLICIT_RETAIN_SELF = YES;
				CLANG_WARN_OBJC_LITERAL_CONVERSION = YES;
				CLANG_WARN_OBJC_ROOT_CLASS = YES_ERROR;
				CLANG_WARN_RANGE_LOOP_ANALYSIS = YES;
				CLANG_WARN_STRICT_PROTOTYPES = YES;
				CLANG_WARN_SUSPICIOUS_MOVE = YES;
				CLANG_WARN_UNGUARDED_AVAILABILITY = YES_AGGRESSIVE;
				CLANG_WARN_UNREACHABLE_CODE = YES;
				CLANG_WARN__DUPLICATE_METHOD_MATCH = YES;
				CODE_SIGN_IDENTITY = "iPhone Developer";
				COPY_PHASE_STRIP = NO;
				DEBUG_INFORMATION_FORMAT = dwarf;
				ENABLE_STRICT_OBJC_MSGSEND = YES;
				ENABLE_TESTABILITY = YES;
				GCC_C_LANGUAGE_STANDARD = gnu11;
				GCC_DYNAMIC_NO_PIC = NO;
				GCC_NO_COMMON_BLOCKS = YES;
				GCC_OPTIMIZATION_LEVEL = 0;
				GCC_PREPROCESSOR_DEFINITIONS = (
					"DEBUG=1",
					"$(inherited)",
				);
				GCC_WARN_64_TO_32_BIT_CONVERSION = YES;
				GCC_WARN_ABOUT_RETURN_TYPE = YES_ERROR;
				GCC_WARN_UNDECLARED_SELECTOR = YES;
				GCC_WARN_UNINITIALIZED_AUTOS = YES_AGGRESSIVE;
				GCC_WARN_UNUSED_FUNCTION = YES;
				GCC_WARN_UNUSED_VARIABLE = YES;
				IPHONEOS_DEPLOYMENT_TARGET = 12.1;
				MTL_ENABLE_DEBUG_INFO = INCLUDE_SOURCE;
				MTL_FAST_MATH = YES;
				ONLY_ACTIVE_ARCH = YES;
				SDKROOT = iphoneos;
				SWIFT_ACTIVE_COMPILATION_CONDITIONS = DEBUG;
				SWIFT_OPTIMIZATION_LEVEL = "-Onone";
			};
			name = Debug;
		};
		48CA94692390B01C0026FFEF /* Release */ = {
			isa = XCBuildConfiguration;
			buildSettings = {
				ALWAYS_SEARCH_USER_PATHS = NO;
				CLANG_ANALYZER_NONNULL = YES;
				CLANG_ANALYZER_NUMBER_OBJECT_CONVERSION = YES_AGGRESSIVE;
				CLANG_CXX_LANGUAGE_STANDARD = "gnu++14";
				CLANG_CXX_LIBRARY = "libc++";
				CLANG_ENABLE_MODULES = YES;
				CLANG_ENABLE_OBJC_ARC = YES;
				CLANG_ENABLE_OBJC_WEAK = YES;
				CLANG_WARN_BLOCK_CAPTURE_AUTORELEASING = YES;
				CLANG_WARN_BOOL_CONVERSION = YES;
				CLANG_WARN_COMMA = YES;
				CLANG_WARN_CONSTANT_CONVERSION = YES;
				CLANG_WARN_DEPRECATED_OBJC_IMPLEMENTATIONS = YES;
				CLANG_WARN_DIRECT_OBJC_ISA_USAGE = YES_ERROR;
				CLANG_WARN_DOCUMENTATION_COMMENTS = YES;
				CLANG_WARN_EMPTY_BODY = YES;
				CLANG_WARN_ENUM_CONVERSION = YES;
				CLANG_WARN_INFINITE_RECURSION = YES;
				CLANG_WARN_INT_CONVERSION = YES;
				CLANG_WARN_NON_LITERAL_NULL_CONVERSION = YES;
				CLANG_WARN_OBJC_IMPLICIT_RETAIN_SELF = YES;
				CLANG_WARN_OBJC_LITERAL_CONVERSION = YES;
				CLANG_WARN_OBJC_ROOT_CLASS = YES_ERROR;
				CLANG_WARN_RANGE_LOOP_ANALYSIS = YES;
				CLANG_WARN_STRICT_PROTOTYPES = YES;
				CLANG_WARN_SUSPICIOUS_MOVE = YES;
				CLANG_WARN_UNGUARDED_AVAILABILITY = YES_AGGRESSIVE;
				CLANG_WARN_UNREACHABLE_CODE = YES;
				CLANG_WARN__DUPLICATE_METHOD_MATCH = YES;
				CODE_SIGN_IDENTITY = "iPhone Developer";
				COPY_PHASE_STRIP = NO;
				DEBUG_INFORMATION_FORMAT = "dwarf-with-dsym";
				ENABLE_NS_ASSERTIONS = NO;
				ENABLE_STRICT_OBJC_MSGSEND = YES;
				GCC_C_LANGUAGE_STANDARD = gnu11;
				GCC_NO_COMMON_BLOCKS = YES;
				GCC_WARN_64_TO_32_BIT_CONVERSION = YES;
				GCC_WARN_ABOUT_RETURN_TYPE = YES_ERROR;
				GCC_WARN_UNDECLARED_SELECTOR = YES;
				GCC_WARN_UNINITIALIZED_AUTOS = YES_AGGRESSIVE;
				GCC_WARN_UNUSED_FUNCTION = YES;
				GCC_WARN_UNUSED_VARIABLE = YES;
				IPHONEOS_DEPLOYMENT_TARGET = 12.1;
				MTL_ENABLE_DEBUG_INFO = NO;
				MTL_FAST_MATH = YES;
				SDKROOT = iphoneos;
				SWIFT_COMPILATION_MODE = wholemodule;
				SWIFT_OPTIMIZATION_LEVEL = "-O";
				VALIDATE_PRODUCT = YES;
			};
			name = Release;
		};
		48CA946B2390B01C0026FFEF /* Debug */ = {
			isa = XCBuildConfiguration;
			baseConfigurationReference = 76882ACF21DBF143F1CEEE8B /* Pods-issho-ios.debug.xcconfig */;
			buildSettings = {
				ASSETCATALOG_COMPILER_APPICON_NAME = AppIcon;
				CODE_SIGN_STYLE = Automatic;
				DEVELOPMENT_TEAM = 42BV5438MY;
				INFOPLIST_FILE = "issho-ios/Info.plist";
				LD_RUNPATH_SEARCH_PATHS = (
					"$(inherited)",
					"@executable_path/Frameworks",
				);
				PRODUCT_BUNDLE_IDENTIFIER = "tech.isom.issho-ios";
				PRODUCT_NAME = "$(TARGET_NAME)";
				SWIFT_VERSION = 4.2;
				TARGETED_DEVICE_FAMILY = "1,2";
			};
			name = Debug;
		};
		48CA946C2390B01C0026FFEF /* Release */ = {
			isa = XCBuildConfiguration;
			baseConfigurationReference = 08DFAC1E0B0EE05FD4E39644 /* Pods-issho-ios.release.xcconfig */;
			buildSettings = {
				ASSETCATALOG_COMPILER_APPICON_NAME = AppIcon;
				CODE_SIGN_STYLE = Automatic;
				DEVELOPMENT_TEAM = 42BV5438MY;
				INFOPLIST_FILE = "issho-ios/Info.plist";
				LD_RUNPATH_SEARCH_PATHS = (
					"$(inherited)",
					"@executable_path/Frameworks",
				);
				PRODUCT_BUNDLE_IDENTIFIER = "tech.isom.issho-ios";
				PRODUCT_NAME = "$(TARGET_NAME)";
				SWIFT_VERSION = 4.2;
				TARGETED_DEVICE_FAMILY = "1,2";
			};
			name = Release;
		};
		48CA946E2390B01C0026FFEF /* Debug */ = {
			isa = XCBuildConfiguration;
			baseConfigurationReference = 10577E16827F0CAAE51025AE /* Pods-issho-iosTests.debug.xcconfig */;
			buildSettings = {
				ALWAYS_EMBED_SWIFT_STANDARD_LIBRARIES = YES;
				BUNDLE_LOADER = "$(TEST_HOST)";
				CODE_SIGN_STYLE = Automatic;
				DEVELOPMENT_TEAM = 42BV5438MY;
				INFOPLIST_FILE = "issho-iosTests/Info.plist";
				LD_RUNPATH_SEARCH_PATHS = (
					"$(inherited)",
					"@executable_path/Frameworks",
					"@loader_path/Frameworks",
				);
				PRODUCT_BUNDLE_IDENTIFIER = "tech.isom.issho-iosTests";
				PRODUCT_NAME = "$(TARGET_NAME)";
				SWIFT_VERSION = 4.2;
				TARGETED_DEVICE_FAMILY = "1,2";
				TEST_HOST = "$(BUILT_PRODUCTS_DIR)/issho-ios.app/issho-ios";
			};
			name = Debug;
		};
		48CA946F2390B01C0026FFEF /* Release */ = {
			isa = XCBuildConfiguration;
			baseConfigurationReference = 40A92D50CB591210F46FC590 /* Pods-issho-iosTests.release.xcconfig */;
			buildSettings = {
				ALWAYS_EMBED_SWIFT_STANDARD_LIBRARIES = YES;
				BUNDLE_LOADER = "$(TEST_HOST)";
				CODE_SIGN_STYLE = Automatic;
				DEVELOPMENT_TEAM = 42BV5438MY;
				INFOPLIST_FILE = "issho-iosTests/Info.plist";
				LD_RUNPATH_SEARCH_PATHS = (
					"$(inherited)",
					"@executable_path/Frameworks",
					"@loader_path/Frameworks",
				);
				PRODUCT_BUNDLE_IDENTIFIER = "tech.isom.issho-iosTests";
				PRODUCT_NAME = "$(TARGET_NAME)";
				SWIFT_VERSION = 4.2;
				TARGETED_DEVICE_FAMILY = "1,2";
				TEST_HOST = "$(BUILT_PRODUCTS_DIR)/issho-ios.app/issho-ios";
			};
			name = Release;
		};
		48CA94712390B01C0026FFEF /* Debug */ = {
			isa = XCBuildConfiguration;
			baseConfigurationReference = CE95FA8AAF7921EA840716B1 /* Pods-issho-iosUITests.debug.xcconfig */;
			buildSettings = {
				ALWAYS_EMBED_SWIFT_STANDARD_LIBRARIES = YES;
				CODE_SIGN_STYLE = Automatic;
				DEVELOPMENT_TEAM = 42BV5438MY;
				INFOPLIST_FILE = "issho-iosUITests/Info.plist";
				LD_RUNPATH_SEARCH_PATHS = (
					"$(inherited)",
					"@executable_path/Frameworks",
					"@loader_path/Frameworks",
				);
				PRODUCT_BUNDLE_IDENTIFIER = "tech.isom.issho-iosUITests";
				PRODUCT_NAME = "$(TARGET_NAME)";
				SWIFT_VERSION = 4.2;
				TARGETED_DEVICE_FAMILY = "1,2";
				TEST_TARGET_NAME = "issho-ios";
			};
			name = Debug;
		};
		48CA94722390B01C0026FFEF /* Release */ = {
			isa = XCBuildConfiguration;
			baseConfigurationReference = C62F2631E8322AC8387E0602 /* Pods-issho-iosUITests.release.xcconfig */;
			buildSettings = {
				ALWAYS_EMBED_SWIFT_STANDARD_LIBRARIES = YES;
				CODE_SIGN_STYLE = Automatic;
				DEVELOPMENT_TEAM = 42BV5438MY;
				INFOPLIST_FILE = "issho-iosUITests/Info.plist";
				LD_RUNPATH_SEARCH_PATHS = (
					"$(inherited)",
					"@executable_path/Frameworks",
					"@loader_path/Frameworks",
				);
				PRODUCT_BUNDLE_IDENTIFIER = "tech.isom.issho-iosUITests";
				PRODUCT_NAME = "$(TARGET_NAME)";
				SWIFT_VERSION = 4.2;
				TARGETED_DEVICE_FAMILY = "1,2";
				TEST_TARGET_NAME = "issho-ios";
			};
			name = Release;
		};
/* End XCBuildConfiguration section */

/* Begin XCConfigurationList section */
		48CA943A2390B0190026FFEF /* Build configuration list for PBXProject "issho-ios" */ = {
			isa = XCConfigurationList;
			buildConfigurations = (
				48CA94682390B01C0026FFEF /* Debug */,
				48CA94692390B01C0026FFEF /* Release */,
			);
			defaultConfigurationIsVisible = 0;
			defaultConfigurationName = Release;
		};
		48CA946A2390B01C0026FFEF /* Build configuration list for PBXNativeTarget "issho-ios" */ = {
			isa = XCConfigurationList;
			buildConfigurations = (
				48CA946B2390B01C0026FFEF /* Debug */,
				48CA946C2390B01C0026FFEF /* Release */,
			);
			defaultConfigurationIsVisible = 0;
			defaultConfigurationName = Release;
		};
		48CA946D2390B01C0026FFEF /* Build configuration list for PBXNativeTarget "issho-iosTests" */ = {
			isa = XCConfigurationList;
			buildConfigurations = (
				48CA946E2390B01C0026FFEF /* Debug */,
				48CA946F2390B01C0026FFEF /* Release */,
			);
			defaultConfigurationIsVisible = 0;
			defaultConfigurationName = Release;
		};
		48CA94702390B01C0026FFEF /* Build configuration list for PBXNativeTarget "issho-iosUITests" */ = {
			isa = XCConfigurationList;
			buildConfigurations = (
				48CA94712390B01C0026FFEF /* Debug */,
				48CA94722390B01C0026FFEF /* Release */,
			);
			defaultConfigurationIsVisible = 0;
			defaultConfigurationName = Release;
		};
/* End XCConfigurationList section */

/* Begin XCVersionGroup section */
		48CA94492390B0190026FFEF /* issho_ios.xcdatamodeld */ = {
			isa = XCVersionGroup;
			children = (
				48CA944A2390B0190026FFEF /* issho_ios.xcdatamodel */,
			);
			currentVersion = 48CA944A2390B0190026FFEF /* issho_ios.xcdatamodel */;
			path = issho_ios.xcdatamodeld;
			sourceTree = "<group>";
			versionGroupType = wrapper.xcdatamodel;
		};
/* End XCVersionGroup section */
	};
	rootObject = 48CA94372390B0190026FFEF /* Project object */;
}
